// !$*UTF8*$!
{
	archiveVersion = 1;
	classes = {
	};
	objectVersion = 46;
	objects = {

/* Begin PBXBuildFile section */
		85B8B76023A1476700A6C5FF /* DoneViewController.swift in Sources */ = {isa = PBXBuildFile; fileRef = 85B8B75F23A1476700A6C5FF /* DoneViewController.swift */; };
		85D12C7D23A042B100BBA051 /* LaunchScreen.storyboard in Resources */ = {isa = PBXBuildFile; fileRef = 85D12C7523A0423D00BBA051 /* LaunchScreen.storyboard */; };
		85D12C7E23A042B300BBA051 /* Main.storyboard in Resources */ = {isa = PBXBuildFile; fileRef = 85D12C7323A0423D00BBA051 /* Main.storyboard */; };
		85D12C7F23A042B600BBA051 /* CoreMotionController.swift in Sources */ = {isa = PBXBuildFile; fileRef = 85D12C7A23A0427700BBA051 /* CoreMotionController.swift */; };
		85D12C8023A042B800BBA051 /* QRScannerController.swift in Sources */ = {isa = PBXBuildFile; fileRef = 85D12C7923A0427700BBA051 /* QRScannerController.swift */; };
		85D12C8123A042BA00BBA051 /* AppDelegate.swift in Sources */ = {isa = PBXBuildFile; fileRef = F4F09DB61DAF669400026BB2 /* AppDelegate.swift */; };
		85D12C8223A042BD00BBA051 /* Assets.xcassets in Resources */ = {isa = PBXBuildFile; fileRef = F4F09DBD1DAF669400026BB2 /* Assets.xcassets */; };
/* End PBXBuildFile section */

/* Begin PBXFileReference section */
		85B8B75F23A1476700A6C5FF /* DoneViewController.swift */ = {isa = PBXFileReference; lastKnownFileType = sourcecode.swift; path = DoneViewController.swift; sourceTree = "<group>"; };
		85D12C7423A0423D00BBA051 /* Base */ = {isa = PBXFileReference; lastKnownFileType = file.storyboard; name = Base; path = DoughboyQR/Views/Base.lproj/Main.storyboard; sourceTree = SOURCE_ROOT; };
		85D12C7623A0423D00BBA051 /* Base */ = {isa = PBXFileReference; lastKnownFileType = file.storyboard; name = Base; path = DoughboyQR/Views/Base.lproj/LaunchScreen.storyboard; sourceTree = SOURCE_ROOT; };
		85D12C7923A0427700BBA051 /* QRScannerController.swift */ = {isa = PBXFileReference; fileEncoding = 4; lastKnownFileType = sourcecode.swift; name = QRScannerController.swift; path = "View Controllers/QRScannerController.swift"; sourceTree = "<group>"; };
		85D12C7A23A0427700BBA051 /* CoreMotionController.swift */ = {isa = PBXFileReference; fileEncoding = 4; lastKnownFileType = sourcecode.swift; name = CoreMotionController.swift; path = "View Controllers/CoreMotionController.swift"; sourceTree = "<group>"; };
		F4F09DB31DAF669400026BB2 /* DoughboyQR.app */ = {isa = PBXFileReference; explicitFileType = wrapper.application; includeInIndex = 0; path = DoughboyQR.app; sourceTree = BUILT_PRODUCTS_DIR; };
		F4F09DB61DAF669400026BB2 /* AppDelegate.swift */ = {isa = PBXFileReference; lastKnownFileType = sourcecode.swift; name = AppDelegate.swift; path = DoughboyQR/AppDelegate.swift; sourceTree = SOURCE_ROOT; };
		F4F09DBD1DAF669400026BB2 /* Assets.xcassets */ = {isa = PBXFileReference; lastKnownFileType = folder.assetcatalog; name = Assets.xcassets; path = DoughboyQR/Assets.xcassets; sourceTree = SOURCE_ROOT; };
		F4F09DC21DAF669400026BB2 /* Info.plist */ = {isa = PBXFileReference; lastKnownFileType = text.plist.xml; path = Info.plist; sourceTree = "<group>"; };
/* End PBXFileReference section */

/* Begin PBXFrameworksBuildPhase section */
		F4F09DB01DAF669400026BB2 /* Frameworks */ = {
			isa = PBXFrameworksBuildPhase;
			buildActionMask = 2147483647;
			files = (
			);
			runOnlyForDeploymentPostprocessing = 0;
		};
/* End PBXFrameworksBuildPhase section */

/* Begin PBXGroup section */
		85D12C6D23A0407300BBA051 /* View Controllers */ = {
			isa = PBXGroup;
			children = (
				85D12C7923A0427700BBA051 /* QRScannerController.swift */,
				85D12C7A23A0427700BBA051 /* CoreMotionController.swift */,
				85B8B75F23A1476700A6C5FF /* DoneViewController.swift */,
			);
			path = "View Controllers";
			sourceTree = "<group>";
		};
		85D12C7223A0421C00BBA051 /* Views */ = {
			isa = PBXGroup;
			children = (
				85D12C7523A0423D00BBA051 /* LaunchScreen.storyboard */,
				85D12C7323A0423D00BBA051 /* Main.storyboard */,
			);
			name = Views;
			path = "View Controllers/Views";
			sourceTree = "<group>";
		};
		F4F09DAA1DAF669400026BB2 = {
			isa = PBXGroup;
			children = (
				F4F09DB51DAF669400026BB2 /* DoughboyQR */,
				F4F09DB41DAF669400026BB2 /* Products */,
			);
			sourceTree = "<group>";
		};
		F4F09DB41DAF669400026BB2 /* Products */ = {
			isa = PBXGroup;
			children = (
				F4F09DB31DAF669400026BB2 /* DoughboyQR.app */,
			);
			name = Products;
			sourceTree = "<group>";
		};
		F4F09DB51DAF669400026BB2 /* DoughboyQR */ = {
			isa = PBXGroup;
			children = (
				85D12C7223A0421C00BBA051 /* Views */,
				85D12C6D23A0407300BBA051 /* View Controllers */,
				F4F09DB61DAF669400026BB2 /* AppDelegate.swift */,
				F4F09DBD1DAF669400026BB2 /* Assets.xcassets */,
				F4F09DC21DAF669400026BB2 /* Info.plist */,
			);
			path = DoughboyQR;
			sourceTree = SOURCE_ROOT;
		};
/* End PBXGroup section */

/* Begin PBXNativeTarget section */
		F4F09DB21DAF669400026BB2 /* DoughboyQR */ = {
			isa = PBXNativeTarget;
			buildConfigurationList = F4F09DC51DAF669400026BB2 /* Build configuration list for PBXNativeTarget "DoughboyQR" */;
			buildPhases = (
				F4F09DAF1DAF669400026BB2 /* Sources */,
				F4F09DB01DAF669400026BB2 /* Frameworks */,
				F4F09DB11DAF669400026BB2 /* Resources */,
			);
			buildRules = (
			);
			dependencies = (
			);
			name = DoughboyQR;
			productName = QRCodeReader;
			productReference = F4F09DB31DAF669400026BB2 /* DoughboyQR.app */;
			productType = "com.apple.product-type.application";
		};
/* End PBXNativeTarget section */

/* Begin PBXProject section */
		F4F09DAB1DAF669400026BB2 /* Project object */ = {
			isa = PBXProject;
			attributes = {
				LastSwiftUpdateCheck = 0800;
				LastUpgradeCheck = 1120;
				ORGANIZATIONNAME = AppCoda;
				TargetAttributes = {
					F4F09DB21DAF669400026BB2 = {
						CreatedOnToolsVersion = 8.0;
						DevelopmentTeam = 9322UFZ9MA;
						LastSwiftMigration = 1020;
						ProvisioningStyle = Automatic;
					};
				};
			};
			buildConfigurationList = F4F09DAE1DAF669400026BB2 /* Build configuration list for PBXProject "DoughboyQR" */;
			compatibilityVersion = "Xcode 3.2";
			developmentRegion = English;
			hasScannedForEncodings = 0;
			knownRegions = (
				English,
				en,
				Base,
			);
			mainGroup = F4F09DAA1DAF669400026BB2;
			productRefGroup = F4F09DB41DAF669400026BB2 /* Products */;
			projectDirPath = "";
			projectRoot = "";
			targets = (
				F4F09DB21DAF669400026BB2 /* DoughboyQR */,
			);
		};
/* End PBXProject section */

/* Begin PBXResourcesBuildPhase section */
		F4F09DB11DAF669400026BB2 /* Resources */ = {
			isa = PBXResourcesBuildPhase;
			buildActionMask = 2147483647;
			files = (
				85D12C8223A042BD00BBA051 /* Assets.xcassets in Resources */,
				85D12C7E23A042B300BBA051 /* Main.storyboard in Resources */,
				85D12C7D23A042B100BBA051 /* LaunchScreen.storyboard in Resources */,
			);
			runOnlyForDeploymentPostprocessing = 0;
		};
/* End PBXResourcesBuildPhase section */

/* Begin PBXSourcesBuildPhase section */
		F4F09DAF1DAF669400026BB2 /* Sources */ = {
			isa = PBXSourcesBuildPhase;
			buildActionMask = 2147483647;
			files = (
				85B8B76023A1476700A6C5FF /* DoneViewController.swift in Sources */,
				85D12C8123A042BA00BBA051 /* AppDelegate.swift in Sources */,
				85D12C8023A042B800BBA051 /* QRScannerController.swift in Sources */,
				85D12C7F23A042B600BBA051 /* CoreMotionController.swift in Sources */,
			);
			runOnlyForDeploymentPostprocessing = 0;
		};
/* End PBXSourcesBuildPhase section */

/* Begin PBXVariantGroup section */
		85D12C7323A0423D00BBA051 /* Main.storyboard */ = {
			isa = PBXVariantGroup;
			children = (
				85D12C7423A0423D00BBA051 /* Base */,
			);
			name = Main.storyboard;
			sourceTree = "<group>";
		};
		85D12C7523A0423D00BBA051 /* LaunchScreen.storyboard */ = {
			isa = PBXVariantGroup;
			children = (
				85D12C7623A0423D00BBA051 /* Base */,
			);
			name = LaunchScreen.storyboard;
			sourceTree = "<group>";
		};
/* End PBXVariantGroup section */

/* Begin XCBuildConfiguration section */
		F4F09DC31DAF669400026BB2 /* Debug */ = {
			isa = XCBuildConfiguration;
			buildSettings = {
				ALWAYS_SEARCH_USER_PATHS = NO;
				CLANG_ANALYZER_LOCALIZABILITY_NONLOCALIZED = YES;
				CLANG_ANALYZER_NONNULL = YES;
				CLANG_CXX_LANGUAGE_STANDARD = "gnu++0x";
				CLANG_CXX_LIBRARY = "libc++";
				CLANG_ENABLE_MODULES = YES;
				CLANG_ENABLE_OBJC_ARC = YES;
				CLANG_WARN_BLOCK_CAPTURE_AUTORELEASING = YES;
				CLANG_WARN_BOOL_CONVERSION = YES;
				CLANG_WARN_COMMA = YES;
				CLANG_WARN_CONSTANT_CONVERSION = YES;
				CLANG_WARN_DEPRECATED_OBJC_IMPLEMENTATIONS = YES;
				CLANG_WARN_DIRECT_OBJC_ISA_USAGE = YES_ERROR;
				CLANG_WARN_DOCUMENTATION_COMMENTS = YES;
				CLANG_WARN_EMPTY_BODY = YES;
				CLANG_WARN_ENUM_CONVERSION = YES;
				CLANG_WARN_INFINITE_RECURSION = YES;
				CLANG_WARN_INT_CONVERSION = YES;
				CLANG_WARN_NON_LITERAL_NULL_CONVERSION = YES;
				CLANG_WARN_OBJC_IMPLICIT_RETAIN_SELF = YES;
				CLANG_WARN_OBJC_LITERAL_CONVERSION = YES;
				CLANG_WARN_OBJC_ROOT_CLASS = YES_ERROR;
				CLANG_WARN_RANGE_LOOP_ANALYSIS = YES;
				CLANG_WARN_STRICT_PROTOTYPES = YES;
				CLANG_WARN_SUSPICIOUS_MOVE = YES;
				CLANG_WARN_SUSPICIOUS_MOVES = YES;
				CLANG_WARN_UNREACHABLE_CODE = YES;
				CLANG_WARN__DUPLICATE_METHOD_MATCH = YES;
				"CODE_SIGN_IDENTITY[sdk=iphoneos*]" = "iPhone Developer";
				COPY_PHASE_STRIP = NO;
				DEBUG_INFORMATION_FORMAT = dwarf;
				ENABLE_STRICT_OBJC_MSGSEND = YES;
				ENABLE_TESTABILITY = YES;
				GCC_C_LANGUAGE_STANDARD = gnu99;
				GCC_DYNAMIC_NO_PIC = NO;
				GCC_NO_COMMON_BLOCKS = YES;
				GCC_OPTIMIZATION_LEVEL = 0;
				GCC_PREPROCESSOR_DEFINITIONS = (
					"DEBUG=1",
					"$(inherited)",
				);
				GCC_WARN_64_TO_32_BIT_CONVERSION = YES;
				GCC_WARN_ABOUT_RETURN_TYPE = YES_ERROR;
				GCC_WARN_UNDECLARED_SELECTOR = YES;
				GCC_WARN_UNINITIALIZED_AUTOS = YES_AGGRESSIVE;
				GCC_WARN_UNUSED_FUNCTION = YES;
				GCC_WARN_UNUSED_VARIABLE = YES;
				IPHONEOS_DEPLOYMENT_TARGET = 13.2;
				MTL_ENABLE_DEBUG_INFO = YES;
				ONLY_ACTIVE_ARCH = YES;
				SDKROOT = iphoneos;
				SWIFT_ACTIVE_COMPILATION_CONDITIONS = DEBUG;
				SWIFT_OPTIMIZATION_LEVEL = "-Onone";
				SWIFT_VERSION = 5.0;
				TARGETED_DEVICE_FAMILY = "1,2";
			};
			name = Debug;
		};
		F4F09DC41DAF669400026BB2 /* Release */ = {
			isa = XCBuildConfiguration;
			buildSettings = {
				ALWAYS_SEARCH_USER_PATHS = NO;
				CLANG_ANALYZER_LOCALIZABILITY_NONLOCALIZED = YES;
				CLANG_ANALYZER_NONNULL = YES;
				CLANG_CXX_LANGUAGE_STANDARD = "gnu++0x";
				CLANG_CXX_LIBRARY = "libc++";
				CLANG_ENABLE_MODULES = YES;
				CLANG_ENABLE_OBJC_ARC = YES;
				CLANG_WARN_BLOCK_CAPTURE_AUTORELEASING = YES;
				CLANG_WARN_BOOL_CONVERSION = YES;
				CLANG_WARN_COMMA = YES;
				CLANG_WARN_CONSTANT_CONVERSION = YES;
				CLANG_WARN_DEPRECATED_OBJC_IMPLEMENTATIONS = YES;
				CLANG_WARN_DIRECT_OBJC_ISA_USAGE = YES_ERROR;
				CLANG_WARN_DOCUMENTATION_COMMENTS = YES;
				CLANG_WARN_EMPTY_BODY = YES;
				CLANG_WARN_ENUM_CONVERSION = YES;
				CLANG_WARN_INFINITE_RECURSION = YES;
				CLANG_WARN_INT_CONVERSION = YES;
				CLANG_WARN_NON_LITERAL_NULL_CONVERSION = YES;
				CLANG_WARN_OBJC_IMPLICIT_RETAIN_SELF = YES;
				CLANG_WARN_OBJC_LITERAL_CONVERSION = YES;
				CLANG_WARN_OBJC_ROOT_CLASS = YES_ERROR;
				CLANG_WARN_RANGE_LOOP_ANALYSIS = YES;
				CLANG_WARN_STRICT_PROTOTYPES = YES;
				CLANG_WARN_SUSPICIOUS_MOVE = YES;
				CLANG_WARN_SUSPICIOUS_MOVES = YES;
				CLANG_WARN_UNREACHABLE_CODE = YES;
				CLANG_WARN__DUPLICATE_METHOD_MATCH = YES;
				"CODE_SIGN_IDENTITY[sdk=iphoneos*]" = "iPhone Developer";
				COPY_PHASE_STRIP = NO;
				DEBUG_INFORMATION_FORMAT = "dwarf-with-dsym";
				ENABLE_NS_ASSERTIONS = NO;
				ENABLE_STRICT_OBJC_MSGSEND = YES;
				GCC_C_LANGUAGE_STANDARD = gnu99;
				GCC_NO_COMMON_BLOCKS = YES;
				GCC_WARN_64_TO_32_BIT_CONVERSION = YES;
				GCC_WARN_ABOUT_RETURN_TYPE = YES_ERROR;
				GCC_WARN_UNDECLARED_SELECTOR = YES;
				GCC_WARN_UNINITIALIZED_AUTOS = YES_AGGRESSIVE;
				GCC_WARN_UNUSED_FUNCTION = YES;
				GCC_WARN_UNUSED_VARIABLE = YES;
				IPHONEOS_DEPLOYMENT_TARGET = 13.2;
				MTL_ENABLE_DEBUG_INFO = NO;
				SDKROOT = iphoneos;
				SWIFT_OPTIMIZATION_LEVEL = "-Owholemodule";
				SWIFT_VERSION = 5.0;
				TARGETED_DEVICE_FAMILY = "1,2";
				VALIDATE_PRODUCT = YES;
			};
			name = Release;
		};
		F4F09DC61DAF669400026BB2 /* Debug */ = {
			isa = XCBuildConfiguration;
			buildSettings = {
				ASSETCATALOG_COMPILER_APPICON_NAME = AppIcon;
				DEVELOPMENT_TEAM = 9322UFZ9MA;
				INFOPLIST_FILE = "$(SRCROOT)/DoughboyQR/Info.plist";
				LD_RUNPATH_SEARCH_PATHS = "$(inherited) @executable_path/Frameworks";
				PRODUCT_BUNDLE_IDENTIFIER = StephKAnanth.DoughboyQR;
				PRODUCT_NAME = "$(TARGET_NAME)";
				SWIFT_VERSION = 5.0;
			};
			name = Debug;
		};
		F4F09DC71DAF669400026BB2 /* Release */ = {
			isa = XCBuildConfiguration;
			buildSettings = {
				ASSETCATALOG_COMPILER_APPICON_NAME = AppIcon;
				DEVELOPMENT_TEAM = 9322UFZ9MA;
				INFOPLIST_FILE = "$(SRCROOT)/DoughboyQR/Info.plist";
				LD_RUNPATH_SEARCH_PATHS = "$(inherited) @executable_path/Frameworks";
				PRODUCT_BUNDLE_IDENTIFIER = StephKAnanth.DoughboyQR;
				PRODUCT_NAME = "$(TARGET_NAME)";
				SWIFT_VERSION = 5.0;
			};
			name = Release;
		};
/* End XCBuildConfiguration section */

/* Begin XCConfigurationList section */
		F4F09DAE1DAF669400026BB2 /* Build configuration list for PBXProject "DoughboyQR" */ = {
			isa = XCConfigurationList;
			buildConfigurations = (
				F4F09DC31DAF669400026BB2 /* Debug */,
				F4F09DC41DAF669400026BB2 /* Release */,
			);
			defaultConfigurationIsVisible = 0;
			defaultConfigurationName = Release;
		};
		F4F09DC51DAF669400026BB2 /* Build configuration list for PBXNativeTarget "DoughboyQR" */ = {
			isa = XCConfigurationList;
			buildConfigurations = (
				F4F09DC61DAF669400026BB2 /* Debug */,
				F4F09DC71DAF669400026BB2 /* Release */,
			);
			defaultConfigurationIsVisible = 0;
			defaultConfigurationName = Release;
		};
/* End XCConfigurationList section */
	};
	rootObject = F4F09DAB1DAF669400026BB2 /* Project object */;
}
